
Microsoft Visual Studio Solution File, Format Version 12.00
# Visual Studio 15
VisualStudioVersion = 15.0.28307.2092
MinimumVisualStudioVersion = 10.0.40219.1
Project("{FAE04EC0-301F-11D3-BF4B-00C04F79EFBC}") = "Автоинспекции города Читы", "AndreevInspectorLib\Автоинспекции города Читы.csproj", "{2BFEF092-FFB3-4B9C-BFE6-549D94CCA18F}"
EndProject
Project("{FAE04EC0-301F-11D3-BF4B-00C04F79EFBC}") = "InspectorLib", "InspectorLib\InspectorLib.csproj", "{2F6A8AB2-C574-4066-80C6-05489996871F}"
EndProject
Global
	GlobalSection(SolutionConfigurationPlatforms) = preSolution
		Debug|Any CPU = Debug|Any CPU
		Release|Any CPU = Release|Any CPU
	EndGlobalSection
	GlobalSection(ProjectConfigurationPlatforms) = postSolution
		{2BFEF092-FFB3-4B9C-BFE6-549D94CCA18F}.Debug|Any CPU.ActiveCfg = Debug|Any CPU
		{2BFEF092-FFB3-4B9C-BFE6-549D94CCA18F}.Debug|Any CPU.Build.0 = Debug|Any CPU
		{2BFEF092-FFB3-4B9C-BFE6-549D94CCA18F}.Release|Any CPU.ActiveCfg = Release|Any CPU
		{2BFEF092-FFB3-4B9C-BFE6-549D94CCA18F}.Release|Any CPU.Build.0 = Release|Any CPU
		{2F6A8AB2-C574-4066-80C6-05489996871F}.Debug|Any CPU.ActiveCfg = Debug|Any CPU
		{2F6A8AB2-C574-4066-80C6-05489996871F}.Debug|Any CPU.Build.0 = Debug|Any CPU
		{2F6A8AB2-C574-4066-80C6-05489996871F}.Release|Any CPU.ActiveCfg = Release|Any CPU
		{2F6A8AB2-C574-4066-80C6-05489996871F}.Release|Any CPU.Build.0 = Release|Any CPU
	EndGlobalSection
	GlobalSection(SolutionProperties) = preSolution
		HideSolutionNode = FALSE
	EndGlobalSection
	GlobalSection(ExtensibilityGlobals) = postSolution
		SolutionGuid = {55FADBB5-FC41-4923-B168-83C5890105D6}
	EndGlobalSection
EndGlobal
